
Microsoft Visual Studio Solution File, Format Version 12.00
# Visual Studio Version 17
VisualStudioVersion = 17.5.002.0
MinimumVisualStudioVersion = 10.0.40219.1
Project("{2150E333-8FDC-42A3-9474-1A3956D46DE8}") = "Backend", "Backend", "{E5D3FF03-E9F2-4274-B42A-A6B01E509BD1}"
EndProject
Project("{9A19103F-16F7-4668-BE54-9A1E7A4F7556}") = "simpleCrudBackend", "Backend\simpleCrudBackend\simpleCrudBackend.csproj", "{D25CE171-9AAC-4FC0-9D39-A1FA93D27577}"
EndProject
Global
	GlobalSection(SolutionConfigurationPlatforms) = preSolution
		Debug|Any CPU = Debug|Any CPU
		Release|Any CPU = Release|Any CPU
	EndGlobalSection
	GlobalSection(ProjectConfigurationPlatforms) = postSolution
		{D25CE171-9AAC-4FC0-9D39-A1FA93D27577}.Debug|Any CPU.ActiveCfg = Debug|Any CPU
		{D25CE171-9AAC-4FC0-9D39-A1FA93D27577}.Debug|Any CPU.Build.0 = Debug|Any CPU
		{D25CE171-9AAC-4FC0-9D39-A1FA93D27577}.Release|Any CPU.ActiveCfg = Release|Any CPU
		{D25CE171-9AAC-4FC0-9D39-A1FA93D27577}.Release|Any CPU.Build.0 = Release|Any CPU
	EndGlobalSection
	GlobalSection(SolutionProperties) = preSolution
		HideSolutionNode = FALSE
	EndGlobalSection
	GlobalSection(NestedProjects) = preSolution
		{D25CE171-9AAC-4FC0-9D39-A1FA93D27577} = {E5D3FF03-E9F2-4274-B42A-A6B01E509BD1}
	EndGlobalSection
	GlobalSection(ExtensibilityGlobals) = postSolution
		SolutionGuid = {BB14C31C-C6E2-4B32-89DC-58B3B454AC1E}
	EndGlobalSection
EndGlobal
